
Microsoft Visual Studio Solution File, Format Version 12.00
# Visual Studio 2012
Project("{FAE04EC0-301F-11D3-BF4B-00C04F79EFBC}") = "TeleFocusUI", "TeleFocusUI.csproj", "{DF7117E0-A687-48B1-898F-061B6B938453}"
EndProject
Project("{8BC9CEB8-8B4A-11D0-8D11-00A0C91BC942}") = "FocusTool", "..\FocusTool\FocusTool.vcxproj", "{60825A02-6091-4E9C-B995-A9F045370265}"
EndProject
Project("{FAE04EC0-301F-11D3-BF4B-00C04F79EFBC}") = "ConsoleApplication1", "..\ConsoleApplication1\ConsoleApplication1.csproj", "{AC0754DF-11FF-4B5F-A4EC-C015F84D191B}"
EndProject
Global
	GlobalSection(SolutionConfigurationPlatforms) = preSolution
		Debug|Any CPU = Debug|Any CPU
		Debug|Mixed Platforms = Debug|Mixed Platforms
		Debug|Win32 = Debug|Win32
		Release|Any CPU = Release|Any CPU
		Release|Mixed Platforms = Release|Mixed Platforms
		Release|Win32 = Release|Win32
	EndGlobalSection
	GlobalSection(ProjectConfigurationPlatforms) = postSolution
		{DF7117E0-A687-48B1-898F-061B6B938453}.Debug|Any CPU.ActiveCfg = Debug|Any CPU
		{DF7117E0-A687-48B1-898F-061B6B938453}.Debug|Any CPU.Build.0 = Debug|Any CPU
		{DF7117E0-A687-48B1-898F-061B6B938453}.Debug|Mixed Platforms.ActiveCfg = Debug|Any CPU
		{DF7117E0-A687-48B1-898F-061B6B938453}.Debug|Mixed Platforms.Build.0 = Debug|Any CPU
		{DF7117E0-A687-48B1-898F-061B6B938453}.Debug|Win32.ActiveCfg = Debug|Any CPU
		{DF7117E0-A687-48B1-898F-061B6B938453}.Release|Any CPU.ActiveCfg = Release|Any CPU
		{DF7117E0-A687-48B1-898F-061B6B938453}.Release|Any CPU.Build.0 = Release|Any CPU
		{DF7117E0-A687-48B1-898F-061B6B938453}.Release|Mixed Platforms.ActiveCfg = Release|Any CPU
		{DF7117E0-A687-48B1-898F-061B6B938453}.Release|Mixed Platforms.Build.0 = Release|Any CPU
		{DF7117E0-A687-48B1-898F-061B6B938453}.Release|Win32.ActiveCfg = Release|Any CPU
		{60825A02-6091-4E9C-B995-A9F045370265}.Debug|Any CPU.ActiveCfg = Debug|Win32
		{60825A02-6091-4E9C-B995-A9F045370265}.Debug|Mixed Platforms.ActiveCfg = Debug|Win32
		{60825A02-6091-4E9C-B995-A9F045370265}.Debug|Mixed Platforms.Build.0 = Debug|Win32
		{60825A02-6091-4E9C-B995-A9F045370265}.Debug|Win32.ActiveCfg = Debug|Win32
		{60825A02-6091-4E9C-B995-A9F045370265}.Debug|Win32.Build.0 = Debug|Win32
		{60825A02-6091-4E9C-B995-A9F045370265}.Release|Any CPU.ActiveCfg = Release|Win32
		{60825A02-6091-4E9C-B995-A9F045370265}.Release|Mixed Platforms.ActiveCfg = Release|Win32
		{60825A02-6091-4E9C-B995-A9F045370265}.Release|Mixed Platforms.Build.0 = Release|Win32
		{60825A02-6091-4E9C-B995-A9F045370265}.Release|Win32.ActiveCfg = Release|Win32
		{60825A02-6091-4E9C-B995-A9F045370265}.Release|Win32.Build.0 = Release|Win32
		{AC0754DF-11FF-4B5F-A4EC-C015F84D191B}.Debug|Any CPU.ActiveCfg = Debug|Any CPU
		{AC0754DF-11FF-4B5F-A4EC-C015F84D191B}.Debug|Any CPU.Build.0 = Debug|Any CPU
		{AC0754DF-11FF-4B5F-A4EC-C015F84D191B}.Debug|Mixed Platforms.ActiveCfg = Debug|Any CPU
		{AC0754DF-11FF-4B5F-A4EC-C015F84D191B}.Debug|Mixed Platforms.Build.0 = Debug|Any CPU
		{AC0754DF-11FF-4B5F-A4EC-C015F84D191B}.Debug|Win32.ActiveCfg = Debug|Any CPU
		{AC0754DF-11FF-4B5F-A4EC-C015F84D191B}.Release|Any CPU.ActiveCfg = Release|Any CPU
		{AC0754DF-11FF-4B5F-A4EC-C015F84D191B}.Release|Any CPU.Build.0 = Release|Any CPU
		{AC0754DF-11FF-4B5F-A4EC-C015F84D191B}.Release|Mixed Platforms.ActiveCfg = Release|Any CPU
		{AC0754DF-11FF-4B5F-A4EC-C015F84D191B}.Release|Mixed Platforms.Build.0 = Release|Any CPU
		{AC0754DF-11FF-4B5F-A4EC-C015F84D191B}.Release|Win32.ActiveCfg = Release|Any CPU
	EndGlobalSection
	GlobalSection(SolutionProperties) = preSolution
		HideSolutionNode = FALSE
	EndGlobalSection
EndGlobal
